
Microsoft Visual Studio Solution File, Format Version 12.00
# Visual Studio Version 17
VisualStudioVersion = 17.0.31903.59
MinimumVisualStudioVersion = 10.0.40219.1
Project("{FAE04EC0-301F-11D3-BF4B-00C04F79EFBC}") = "API", "API\API.csproj", "{5A95CCC5-014A-46DF-A58A-51992EBF08E8}"
EndProject
Project("{FAE04EC0-301F-11D3-BF4B-00C04F79EFBC}") = "Application", "Application\Application.csproj", "{32F28B9D-6BB3-4B75-AB7E-EF07CDCF90DA}"
EndProject
Project("{FAE04EC0-301F-11D3-BF4B-00C04F79EFBC}") = "Domain", "Domain\Domain.csproj", "{29ED1B5A-1CBE-493B-996A-D1FCBA0CF80F}"
EndProject
Project("{FAE04EC0-301F-11D3-BF4B-00C04F79EFBC}") = "Persistence", "Persistence\Persistence.csproj", "{532CA5AA-76F7-4648-9FF5-D492C5942A58}"
EndProject
Global
	GlobalSection(SolutionConfigurationPlatforms) = preSolution
		Debug|Any CPU = Debug|Any CPU
		Release|Any CPU = Release|Any CPU
	EndGlobalSection
	GlobalSection(SolutionProperties) = preSolution
		HideSolutionNode = FALSE
	EndGlobalSection
	GlobalSection(ProjectConfigurationPlatforms) = postSolution
		{5A95CCC5-014A-46DF-A58A-51992EBF08E8}.Debug|Any CPU.ActiveCfg = Debug|Any CPU
		{5A95CCC5-014A-46DF-A58A-51992EBF08E8}.Debug|Any CPU.Build.0 = Debug|Any CPU
		{5A95CCC5-014A-46DF-A58A-51992EBF08E8}.Release|Any CPU.ActiveCfg = Release|Any CPU
		{5A95CCC5-014A-46DF-A58A-51992EBF08E8}.Release|Any CPU.Build.0 = Release|Any CPU
		{32F28B9D-6BB3-4B75-AB7E-EF07CDCF90DA}.Debug|Any CPU.ActiveCfg = Debug|Any CPU
		{32F28B9D-6BB3-4B75-AB7E-EF07CDCF90DA}.Debug|Any CPU.Build.0 = Debug|Any CPU
		{32F28B9D-6BB3-4B75-AB7E-EF07CDCF90DA}.Release|Any CPU.ActiveCfg = Release|Any CPU
		{32F28B9D-6BB3-4B75-AB7E-EF07CDCF90DA}.Release|Any CPU.Build.0 = Release|Any CPU
		{29ED1B5A-1CBE-493B-996A-D1FCBA0CF80F}.Debug|Any CPU.ActiveCfg = Debug|Any CPU
		{29ED1B5A-1CBE-493B-996A-D1FCBA0CF80F}.Debug|Any CPU.Build.0 = Debug|Any CPU
		{29ED1B5A-1CBE-493B-996A-D1FCBA0CF80F}.Release|Any CPU.ActiveCfg = Release|Any CPU
		{29ED1B5A-1CBE-493B-996A-D1FCBA0CF80F}.Release|Any CPU.Build.0 = Release|Any CPU
		{532CA5AA-76F7-4648-9FF5-D492C5942A58}.Debug|Any CPU.ActiveCfg = Debug|Any CPU
		{532CA5AA-76F7-4648-9FF5-D492C5942A58}.Debug|Any CPU.Build.0 = Debug|Any CPU
		{532CA5AA-76F7-4648-9FF5-D492C5942A58}.Release|Any CPU.ActiveCfg = Release|Any CPU
		{532CA5AA-76F7-4648-9FF5-D492C5942A58}.Release|Any CPU.Build.0 = Release|Any CPU
	EndGlobalSection
EndGlobal
